
Microsoft Visual Studio Solution File, Format Version 12.00
# Visual Studio Version 17
VisualStudioVersion = 17.7.33711.374
MinimumVisualStudioVersion = 10.0.40219.1
Project("{FAE04EC0-301F-11D3-BF4B-00C04F79EFBC}") = "ConsoleSnakeCompetition", "ConsoleSnakeCompetition\ConsoleSnakeCompetition.csproj", "{BEFD837D-2DA0-4907-BD39-BEA987CE5494}"
EndProject
Global
	GlobalSection(SolutionConfigurationPlatforms) = preSolution
		Debug|Any CPU = Debug|Any CPU
		Release|Any CPU = Release|Any CPU
	EndGlobalSection
	GlobalSection(ProjectConfigurationPlatforms) = postSolution
		{BEFD837D-2DA0-4907-BD39-BEA987CE5494}.Debug|Any CPU.ActiveCfg = Debug|Any CPU
		{BEFD837D-2DA0-4907-BD39-BEA987CE5494}.Debug|Any CPU.Build.0 = Debug|Any CPU
		{BEFD837D-2DA0-4907-BD39-BEA987CE5494}.Release|Any CPU.ActiveCfg = Release|Any CPU
		{BEFD837D-2DA0-4907-BD39-BEA987CE5494}.Release|Any CPU.Build.0 = Release|Any CPU
	EndGlobalSection
	GlobalSection(SolutionProperties) = preSolution
		HideSolutionNode = FALSE
	EndGlobalSection
	GlobalSection(ExtensibilityGlobals) = postSolution
		SolutionGuid = {34C21FFB-64E8-4AF9-AAC2-9BB1C29116BB}
	EndGlobalSection
EndGlobal
